// !$*UTF8*$!
{
	archiveVersion = 1;
	classes = {
	};
	objectVersion = 55;
	objects = {

/* Begin PBXBuildFile section */
		E0014A6E27E900DA005D708A /* URLSessionHTTPClient.swift in Sources */ = {isa = PBXBuildFile; fileRef = E0614CDD27732D2A00546A3D /* URLSessionHTTPClient.swift */; };
		E0014A7327E90207005D708A /* FeedImage.swift in Sources */ = {isa = PBXBuildFile; fileRef = E0CC315E2756A9C400CC3E0C /* FeedImage.swift */; };
		E0014A7427E90207005D708A /* FeedLoader.swift in Sources */ = {isa = PBXBuildFile; fileRef = E0CC31602756AA4300CC3E0C /* FeedLoader.swift */; };
		E0014A7527E90207005D708A /* CoreDataFeedStore.swift in Sources */ = {isa = PBXBuildFile; fileRef = E0A7031B27A9588C0012237F /* CoreDataFeedStore.swift */; };
		E0014A7627E90207005D708A /* CoreDataHelpers.swift in Sources */ = {isa = PBXBuildFile; fileRef = E0A7032327A9B9850012237F /* CoreDataHelpers.swift */; };
		E0014A7727E90207005D708A /* FeedStore.xcdatamodeld in Sources */ = {isa = PBXBuildFile; fileRef = E0A7031D27A95AB90012237F /* FeedStore.xcdatamodeld */; };
		E0014A7827E90207005D708A /* ManagedCache.swift in Sources */ = {isa = PBXBuildFile; fileRef = E0A7032527A9BA010012237F /* ManagedCache.swift */; };
		E0014A7927E90207005D708A /* ManagedFeedImage.swift in Sources */ = {isa = PBXBuildFile; fileRef = E0A7032727A9BA140012237F /* ManagedFeedImage.swift */; };
		E0014A7A27E90207005D708A /* LocalFeedLoader.swift in Sources */ = {isa = PBXBuildFile; fileRef = E01DA2BF2788B70B00658519 /* LocalFeedLoader.swift */; };
		E0014A7B27E90207005D708A /* FeedStore.swift in Sources */ = {isa = PBXBuildFile; fileRef = E01DA2C12788B74000658519 /* FeedStore.swift */; };
		E0014A7C27E90207005D708A /* LocalFeedImage.swift in Sources */ = {isa = PBXBuildFile; fileRef = E0D85955278DACC500F14E0E /* LocalFeedImage.swift */; };
		E0014A7D27E90207005D708A /* FeedCachePolicy.swift in Sources */ = {isa = PBXBuildFile; fileRef = E058339C279BD3BA007F6E78 /* FeedCachePolicy.swift */; };
		E0014A7E27E90207005D708A /* RemoteFeedLoader.swift in Sources */ = {isa = PBXBuildFile; fileRef = E0DDF03C27575B7A007F97B0 /* RemoteFeedLoader.swift */; };
		E0014A7F27E90207005D708A /* HTTPClient.swift in Sources */ = {isa = PBXBuildFile; fileRef = E0A9AE5C27674A7C00DD706E /* HTTPClient.swift */; };
		E0014A8027E90207005D708A /* FeedItemsMapper.swift in Sources */ = {isa = PBXBuildFile; fileRef = E0A9AE5E27674B1600DD706E /* FeedItemsMapper.swift */; };
		E0014A8127E90207005D708A /* RemoteFeedItem.swift in Sources */ = {isa = PBXBuildFile; fileRef = E0D85953278DAC7A00F14E0E /* RemoteFeedItem.swift */; };
		E0014A8227E90222005D708A /* XCTestCase+MemoryTracker.swift in Sources */ = {isa = PBXBuildFile; fileRef = E0614CDB2771F00600546A3D /* XCTestCase+MemoryTracker.swift */; };
		E0014A8327E90222005D708A /* SharedTestHelper.swift in Sources */ = {isa = PBXBuildFile; fileRef = E0871AEE279AC3AF000643C7 /* SharedTestHelper.swift */; };
		E0014A8427E90222005D708A /* FeedStoreSpecs.swift in Sources */ = {isa = PBXBuildFile; fileRef = E0D4E28B27A3FDBD00810CC3 /* FeedStoreSpecs.swift */; };
		E0014A8527E90222005D708A /* XCTestCase+FeedStoreSpecs.swift in Sources */ = {isa = PBXBuildFile; fileRef = E0D4E28D27A4289300810CC3 /* XCTestCase+FeedStoreSpecs.swift */; };
		E0014A8627E90222005D708A /* XCTestCase+FailableRetrieveFeedStoreSpecs.swift in Sources */ = {isa = PBXBuildFile; fileRef = E091743327A69D9000A95E7F /* XCTestCase+FailableRetrieveFeedStoreSpecs.swift */; };
		E0014A8727E90222005D708A /* XCTestCase+FailableInsertFeedStoreSpecs.swift in Sources */ = {isa = PBXBuildFile; fileRef = E091743527A69E8E00A95E7F /* XCTestCase+FailableInsertFeedStoreSpecs.swift */; };
		E0014A8827E90222005D708A /* XCTestCase+FailableDeleteFeedStoreSpecs.swift in Sources */ = {isa = PBXBuildFile; fileRef = E091743727A6A5BF00A95E7F /* XCTestCase+FailableDeleteFeedStoreSpecs.swift */; };
		E0014A8927E90222005D708A /* FeedStoreSpy.swift in Sources */ = {isa = PBXBuildFile; fileRef = E0F69427278EC2AC00EF0C88 /* FeedStoreSpy.swift */; };
		E0014A8A27E90222005D708A /* FeedCacheTestHelper.swift in Sources */ = {isa = PBXBuildFile; fileRef = E0871AEC279AC309000643C7 /* FeedCacheTestHelper.swift */; };
		E0014A8B27E90222005D708A /* CacheFeedUseCaseTests.swift in Sources */ = {isa = PBXBuildFile; fileRef = E01353EB2781901B00712A80 /* CacheFeedUseCaseTests.swift */; };
		E0014A8C27E90222005D708A /* ValidateFeedCacheUsecaseTests.swift in Sources */ = {isa = PBXBuildFile; fileRef = E04E2BF327995CDB0004EFA5 /* ValidateFeedCacheUsecaseTests.swift */; };
		E0014A8D27E90222005D708A /* LocalFeedFromCacheUsecaseTests.swift in Sources */ = {isa = PBXBuildFile; fileRef = E0F69424278EC17A00EF0C88 /* LocalFeedFromCacheUsecaseTests.swift */; };
		E0014A8E27E90222005D708A /* CoreDataFeedStoreTests.swift in Sources */ = {isa = PBXBuildFile; fileRef = E0A7031927A955070012237F /* CoreDataFeedStoreTests.swift */; };
		E0014A8F27E90222005D708A /* LoadFeedFromRemoteUseCaseTests.swift in Sources */ = {isa = PBXBuildFile; fileRef = E0DDF03927574903007F97B0 /* LoadFeedFromRemoteUseCaseTests.swift */; };
		E0014A9027E90222005D708A /* URLSessionHTTPClientTest.swift in Sources */ = {isa = PBXBuildFile; fileRef = E0614CD827708A2700546A3D /* URLSessionHTTPClientTest.swift */; };
		E00B79C0283F7C11002CAAC3 /* Feed.storyboard in Resources */ = {isa = PBXBuildFile; fileRef = E00B79BF283F7C11002CAAC3 /* Feed.storyboard */; };
		E00B79C2283F7CB9002CAAC3 /* feed.xcassets in Resources */ = {isa = PBXBuildFile; fileRef = E00B79C1283F7CB9002CAAC3 /* feed.xcassets */; };
		E00B79C4283F8EE3002CAAC3 /* UITableView+DequeueCell.swift in Sources */ = {isa = PBXBuildFile; fileRef = E00B79C3283F8EE3002CAAC3 /* UITableView+DequeueCell.swift */; };
		E00B79C6283F927C002CAAC3 /* UIImageView+Animation.swift in Sources */ = {isa = PBXBuildFile; fileRef = E00B79C5283F927C002CAAC3 /* UIImageView+Animation.swift */; };
		E00CDCC527F99F4C006798B6 /* FeedUIIntegrationTests.swift in Sources */ = {isa = PBXBuildFile; fileRef = E00CDCC427F99F4C006798B6 /* FeedUIIntegrationTests.swift */; };
		E00CDCC727F9B213006798B6 /* EssentialFeed.framework in Frameworks */ = {isa = PBXBuildFile; fileRef = E0F95A5027E8F3DB000A2C16 /* EssentialFeed.framework */; };
		E00CDCCC27F9B5BC006798B6 /* XCTestCase+MemoryTracker.swift in Sources */ = {isa = PBXBuildFile; fileRef = E0614CDB2771F00600546A3D /* XCTestCase+MemoryTracker.swift */; };
		E01966B82833E24A007967DD /* FeedPresenter.swift in Sources */ = {isa = PBXBuildFile; fileRef = E01966B72833E24A007967DD /* FeedPresenter.swift */; };
		E01966BA28342027007967DD /* FeedImagePresenter.swift in Sources */ = {isa = PBXBuildFile; fileRef = E01966B928342027007967DD /* FeedImagePresenter.swift */; };
		E01966BC28342490007967DD /* FeedImageViewModel.swift in Sources */ = {isa = PBXBuildFile; fileRef = E01966BB28342490007967DD /* FeedImageViewModel.swift */; };
		E01966BE28342F9C007967DD /* FeedLoadingViewModel.swift in Sources */ = {isa = PBXBuildFile; fileRef = E01966BD28342F9C007967DD /* FeedLoadingViewModel.swift */; };
		E01966C028342FB6007967DD /* FeedViewModel.swift in Sources */ = {isa = PBXBuildFile; fileRef = E01966BF28342FB6007967DD /* FeedViewModel.swift */; };
		E051BD0C286092320046BF75 /* MainQueueDispatchDecorator.swift in Sources */ = {isa = PBXBuildFile; fileRef = E051BD0B286092320046BF75 /* MainQueueDispatchDecorator.swift */; };
		E051BD0E286095900046BF75 /* WeakRefVirtualProxy.swift in Sources */ = {isa = PBXBuildFile; fileRef = E051BD0D286095900046BF75 /* WeakRefVirtualProxy.swift */; };
		E051BD10286096350046BF75 /* FeedImageDataLoaderPresentationAdapter.swift in Sources */ = {isa = PBXBuildFile; fileRef = E051BD0F286096350046BF75 /* FeedImageDataLoaderPresentationAdapter.swift */; };
		E051BD122860967D0046BF75 /* FeedLoaderPresentationAdaapter.swift in Sources */ = {isa = PBXBuildFile; fileRef = E051BD112860967D0046BF75 /* FeedLoaderPresentationAdaapter.swift */; };
		E051BD14286096DF0046BF75 /* FeedViewAdapter.swift in Sources */ = {isa = PBXBuildFile; fileRef = E051BD13286096DF0046BF75 /* FeedViewAdapter.swift */; };
		E07BEE6D28841A9E000ED638 /* ErrorView.swift in Sources */ = {isa = PBXBuildFile; fileRef = E07BEE6C28841A9E000ED638 /* ErrorView.swift */; };
		E07BEE7028842009000ED638 /* FeedErrorViewModel.swift in Sources */ = {isa = PBXBuildFile; fileRef = E07BEE6F28842009000ED638 /* FeedErrorViewModel.swift */; };
		E07E590C27FD964D0094AF29 /* FeedViewController.swift in Sources */ = {isa = PBXBuildFile; fileRef = E07E590B27FD964D0094AF29 /* FeedViewController.swift */; };
		E0992F482813D537000F4FC3 /* FeedImageCell.swift in Sources */ = {isa = PBXBuildFile; fileRef = E0992F472813D537000F4FC3 /* FeedImageCell.swift */; };
		E0992F4A28141305000F4FC3 /* UIView+Shimmering.swift in Sources */ = {isa = PBXBuildFile; fileRef = E0992F4928141305000F4FC3 /* UIView+Shimmering.swift */; };
		E0A2D7BB28538E7C00D9077B /* FeedUIIntegrationTests+Localization.swift in Sources */ = {isa = PBXBuildFile; fileRef = E0A2D7BA28538E7C00D9077B /* FeedUIIntegrationTests+Localization.swift */; };
		E0A2D7BC285390F700D9077B /* Feed.strings in Resources */ = {isa = PBXBuildFile; fileRef = E0A2D7BE285390F700D9077B /* Feed.strings */; };
		E0A2D7C3285392AD00D9077B /* FeedLocalizationTests.swift in Sources */ = {isa = PBXBuildFile; fileRef = E0A2D7C2285392AD00D9077B /* FeedLocalizationTests.swift */; };
		E0D0AFED27F1775A004CAEDE /* EssentialFeed.framework in Frameworks */ = {isa = PBXBuildFile; fileRef = E0F95A5027E8F3DB000A2C16 /* EssentialFeed.framework */; platformFilter = ios; };
		E0D0AFF427F17784004CAEDE /* EssentialFeedAPIEndToEndTests.swift in Sources */ = {isa = PBXBuildFile; fileRef = E0D0AFF327F17784004CAEDE /* EssentialFeedAPIEndToEndTests.swift */; };
		E0D0AFF527F177B0004CAEDE /* XCTestCase+MemoryTracker.swift in Sources */ = {isa = PBXBuildFile; fileRef = E0614CDB2771F00600546A3D /* XCTestCase+MemoryTracker.swift */; };
		E0D0AFFE27F177E2004CAEDE /* EssentialFeed.framework in Frameworks */ = {isa = PBXBuildFile; fileRef = E0F95A5027E8F3DB000A2C16 /* EssentialFeed.framework */; platformFilter = ios; };
		E0D0B00527F1780E004CAEDE /* EssentialFeedCacheIntegrationTests.swift in Sources */ = {isa = PBXBuildFile; fileRef = E0D0B00427F1780E004CAEDE /* EssentialFeedCacheIntegrationTests.swift */; };
		E0D0B00627F17832004CAEDE /* XCTestCase+MemoryTracker.swift in Sources */ = {isa = PBXBuildFile; fileRef = E0614CDB2771F00600546A3D /* XCTestCase+MemoryTracker.swift */; };
		E0D0B00727F17876004CAEDE /* FeedCacheTestHelper.swift in Sources */ = {isa = PBXBuildFile; fileRef = E0871AEC279AC309000643C7 /* FeedCacheTestHelper.swift */; };
		E0D0B00827F17B97004CAEDE /* SharedTestHelper.swift in Sources */ = {isa = PBXBuildFile; fileRef = E0871AEE279AC3AF000643C7 /* SharedTestHelper.swift */; };
		E0D4994B28852D3E00D1AE4E /* UIRefreshControl+Helpers.swift in Sources */ = {isa = PBXBuildFile; fileRef = E0D4994A28852D3E00D1AE4E /* UIRefreshControl+Helpers.swift */; };
		E0E689D527EE3A5100A3B866 /* EssentialFeediOS.framework in Frameworks */ = {isa = PBXBuildFile; fileRef = E0E689CD27EE3A5100A3B866 /* EssentialFeediOS.framework */; };
		E0F6B9F6282B9E33005CFABD /* UIImage+TestHelpers.swift in Sources */ = {isa = PBXBuildFile; fileRef = E0F6B9F5282B9E33005CFABD /* UIImage+TestHelpers.swift */; };
		E0F6B9F8282B9EC6005CFABD /* UIRefreshControl+TestHelpers.swift in Sources */ = {isa = PBXBuildFile; fileRef = E0F6B9F7282B9EC6005CFABD /* UIRefreshControl+TestHelpers.swift */; };
		E0F6B9FA282B9F21005CFABD /* UIButton+TestHelpers.swift in Sources */ = {isa = PBXBuildFile; fileRef = E0F6B9F9282B9F21005CFABD /* UIButton+TestHelpers.swift */; };
		E0F6B9FC282B9F85005CFABD /* UIControl+TestHelpers.swift in Sources */ = {isa = PBXBuildFile; fileRef = E0F6B9FB282B9F85005CFABD /* UIControl+TestHelpers.swift */; };
		E0F6BA01282BBCBA005CFABD /* FeedViewController+TestHelpers.swift in Sources */ = {isa = PBXBuildFile; fileRef = E0F6BA00282BBCBA005CFABD /* FeedViewController+TestHelpers.swift */; };
		E0F6BA03282BBD21005CFABD /* FeedImageCell+TestHelpers.swift in Sources */ = {isa = PBXBuildFile; fileRef = E0F6BA02282BBD21005CFABD /* FeedImageCell+TestHelpers.swift */; };
		E0F6BA05282BBDA0005CFABD /* FeedUIIntegrationTests+LoaderSpy.swift in Sources */ = {isa = PBXBuildFile; fileRef = E0F6BA04282BBDA0005CFABD /* FeedUIIntegrationTests+LoaderSpy.swift */; };
		E0F6BA07282BBE72005CFABD /* FeedUIIntegrationTests+Assertions.swift in Sources */ = {isa = PBXBuildFile; fileRef = E0F6BA06282BBE72005CFABD /* FeedUIIntegrationTests+Assertions.swift */; };
		E0F6BA0E282BC210005CFABD /* FeedImageDataLoader.swift in Sources */ = {isa = PBXBuildFile; fileRef = E0F6BA0D282BC210005CFABD /* FeedImageDataLoader.swift */; };
		E0F6BA12282C2EA4005CFABD /* FeedImageCellController.swift in Sources */ = {isa = PBXBuildFile; fileRef = E0F6BA11282C2EA4005CFABD /* FeedImageCellController.swift */; };
		E0F6BA15282C345E005CFABD /* FeedUIComposer.swift in Sources */ = {isa = PBXBuildFile; fileRef = E0F6BA14282C345E005CFABD /* FeedUIComposer.swift */; };
		E0F95A5427E8F3DB000A2C16 /* EssentialFeedMacFramework.docc in Sources */ = {isa = PBXBuildFile; fileRef = E0F95A5327E8F3DB000A2C16 /* EssentialFeedMacFramework.docc */; };
		E0F95A5A27E8F3DB000A2C16 /* EssentialFeed.framework in Frameworks */ = {isa = PBXBuildFile; fileRef = E0F95A5027E8F3DB000A2C16 /* EssentialFeed.framework */; };
		E0F95A6027E8F3DB000A2C16 /* EssentialFeedMacFramework.h in Headers */ = {isa = PBXBuildFile; fileRef = E0F95A5227E8F3DB000A2C16 /* EssentialFeedMacFramework.h */; settings = {ATTRIBUTES = (Public, ); }; };
/* End PBXBuildFile section */

/* Begin PBXContainerItemProxy section */
		E0014A6F27E901BA005D708A /* PBXContainerItemProxy */ = {
			isa = PBXContainerItemProxy;
			containerPortal = E0CC31442756A9A900CC3E0C /* Project object */;
			proxyType = 1;
			remoteGlobalIDString = E0F95A4F27E8F3DB000A2C16;
			remoteInfo = EssentialFeed;
		};
		E00CDCC927F9B213006798B6 /* PBXContainerItemProxy */ = {
			isa = PBXContainerItemProxy;
			containerPortal = E0CC31442756A9A900CC3E0C /* Project object */;
			proxyType = 1;
			remoteGlobalIDString = E0F95A4F27E8F3DB000A2C16;
			remoteInfo = EssentialFeed;
		};
		E0D0AFEE27F1775A004CAEDE /* PBXContainerItemProxy */ = {
			isa = PBXContainerItemProxy;
			containerPortal = E0CC31442756A9A900CC3E0C /* Project object */;
			proxyType = 1;
			remoteGlobalIDString = E0F95A4F27E8F3DB000A2C16;
			remoteInfo = EssentialFeed;
		};
		E0D0AFFF27F177E2004CAEDE /* PBXContainerItemProxy */ = {
			isa = PBXContainerItemProxy;
			containerPortal = E0CC31442756A9A900CC3E0C /* Project object */;
			proxyType = 1;
			remoteGlobalIDString = E0F95A4F27E8F3DB000A2C16;
			remoteInfo = EssentialFeed;
		};
		E0E689D627EE3A5100A3B866 /* PBXContainerItemProxy */ = {
			isa = PBXContainerItemProxy;
			containerPortal = E0CC31442756A9A900CC3E0C /* Project object */;
			proxyType = 1;
			remoteGlobalIDString = E0E689CC27EE3A5100A3B866;
			remoteInfo = EssentialFeediOS;
		};
/* End PBXContainerItemProxy section */

/* Begin PBXFileReference section */
		E00B79BF283F7C11002CAAC3 /* Feed.storyboard */ = {isa = PBXFileReference; lastKnownFileType = file.storyboard; path = Feed.storyboard; sourceTree = "<group>"; };
		E00B79C1283F7CB9002CAAC3 /* feed.xcassets */ = {isa = PBXFileReference; lastKnownFileType = folder.assetcatalog; path = feed.xcassets; sourceTree = "<group>"; };
		E00B79C3283F8EE3002CAAC3 /* UITableView+DequeueCell.swift */ = {isa = PBXFileReference; lastKnownFileType = sourcecode.swift; path = "UITableView+DequeueCell.swift"; sourceTree = "<group>"; };
		E00B79C5283F927C002CAAC3 /* UIImageView+Animation.swift */ = {isa = PBXFileReference; lastKnownFileType = sourcecode.swift; path = "UIImageView+Animation.swift"; sourceTree = "<group>"; };
		E00CDCC427F99F4C006798B6 /* FeedUIIntegrationTests.swift */ = {isa = PBXFileReference; lastKnownFileType = sourcecode.swift; path = FeedUIIntegrationTests.swift; sourceTree = "<group>"; };
		E01353EB2781901B00712A80 /* CacheFeedUseCaseTests.swift */ = {isa = PBXFileReference; lastKnownFileType = sourcecode.swift; path = CacheFeedUseCaseTests.swift; sourceTree = "<group>"; };
		E01966B72833E24A007967DD /* FeedPresenter.swift */ = {isa = PBXFileReference; lastKnownFileType = sourcecode.swift; path = FeedPresenter.swift; sourceTree = "<group>"; };
		E01966B928342027007967DD /* FeedImagePresenter.swift */ = {isa = PBXFileReference; lastKnownFileType = sourcecode.swift; path = FeedImagePresenter.swift; sourceTree = "<group>"; };
		E01966BB28342490007967DD /* FeedImageViewModel.swift */ = {isa = PBXFileReference; lastKnownFileType = sourcecode.swift; path = FeedImageViewModel.swift; sourceTree = "<group>"; };
		E01966BD28342F9C007967DD /* FeedLoadingViewModel.swift */ = {isa = PBXFileReference; lastKnownFileType = sourcecode.swift; path = FeedLoadingViewModel.swift; sourceTree = "<group>"; };
		E01966BF28342FB6007967DD /* FeedViewModel.swift */ = {isa = PBXFileReference; lastKnownFileType = sourcecode.swift; path = FeedViewModel.swift; sourceTree = "<group>"; };
		E01DA2BF2788B70B00658519 /* LocalFeedLoader.swift */ = {isa = PBXFileReference; lastKnownFileType = sourcecode.swift; path = LocalFeedLoader.swift; sourceTree = "<group>"; };
		E01DA2C12788B74000658519 /* FeedStore.swift */ = {isa = PBXFileReference; lastKnownFileType = sourcecode.swift; path = FeedStore.swift; sourceTree = "<group>"; };
		E04E2BF327995CDB0004EFA5 /* ValidateFeedCacheUsecaseTests.swift */ = {isa = PBXFileReference; lastKnownFileType = sourcecode.swift; path = ValidateFeedCacheUsecaseTests.swift; sourceTree = "<group>"; };
		E051BD0B286092320046BF75 /* MainQueueDispatchDecorator.swift */ = {isa = PBXFileReference; lastKnownFileType = sourcecode.swift; path = MainQueueDispatchDecorator.swift; sourceTree = "<group>"; };
		E051BD0D286095900046BF75 /* WeakRefVirtualProxy.swift */ = {isa = PBXFileReference; lastKnownFileType = sourcecode.swift; path = WeakRefVirtualProxy.swift; sourceTree = "<group>"; };
		E051BD0F286096350046BF75 /* FeedImageDataLoaderPresentationAdapter.swift */ = {isa = PBXFileReference; lastKnownFileType = sourcecode.swift; path = FeedImageDataLoaderPresentationAdapter.swift; sourceTree = "<group>"; };
		E051BD112860967D0046BF75 /* FeedLoaderPresentationAdaapter.swift */ = {isa = PBXFileReference; lastKnownFileType = sourcecode.swift; path = FeedLoaderPresentationAdaapter.swift; sourceTree = "<group>"; };
		E051BD13286096DF0046BF75 /* FeedViewAdapter.swift */ = {isa = PBXFileReference; lastKnownFileType = sourcecode.swift; path = FeedViewAdapter.swift; sourceTree = "<group>"; };
		E058339C279BD3BA007F6E78 /* FeedCachePolicy.swift */ = {isa = PBXFileReference; lastKnownFileType = sourcecode.swift; path = FeedCachePolicy.swift; sourceTree = "<group>"; };
		E0614CD827708A2700546A3D /* URLSessionHTTPClientTest.swift */ = {isa = PBXFileReference; lastKnownFileType = sourcecode.swift; path = URLSessionHTTPClientTest.swift; sourceTree = "<group>"; };
		E0614CDB2771F00600546A3D /* XCTestCase+MemoryTracker.swift */ = {isa = PBXFileReference; lastKnownFileType = sourcecode.swift; path = "XCTestCase+MemoryTracker.swift"; sourceTree = "<group>"; };
		E0614CDD27732D2A00546A3D /* URLSessionHTTPClient.swift */ = {isa = PBXFileReference; lastKnownFileType = sourcecode.swift; path = URLSessionHTTPClient.swift; sourceTree = "<group>"; };
		E07BEE6C28841A9E000ED638 /* ErrorView.swift */ = {isa = PBXFileReference; lastKnownFileType = sourcecode.swift; path = ErrorView.swift; sourceTree = "<group>"; };
		E07BEE6F28842009000ED638 /* FeedErrorViewModel.swift */ = {isa = PBXFileReference; lastKnownFileType = sourcecode.swift; path = FeedErrorViewModel.swift; sourceTree = "<group>"; };
		E07E590B27FD964D0094AF29 /* FeedViewController.swift */ = {isa = PBXFileReference; lastKnownFileType = sourcecode.swift; path = FeedViewController.swift; sourceTree = "<group>"; };
		E0871AEC279AC309000643C7 /* FeedCacheTestHelper.swift */ = {isa = PBXFileReference; lastKnownFileType = sourcecode.swift; path = FeedCacheTestHelper.swift; sourceTree = "<group>"; };
		E0871AEE279AC3AF000643C7 /* SharedTestHelper.swift */ = {isa = PBXFileReference; lastKnownFileType = sourcecode.swift; path = SharedTestHelper.swift; sourceTree = "<group>"; };
		E091743327A69D9000A95E7F /* XCTestCase+FailableRetrieveFeedStoreSpecs.swift */ = {isa = PBXFileReference; lastKnownFileType = sourcecode.swift; path = "XCTestCase+FailableRetrieveFeedStoreSpecs.swift"; sourceTree = "<group>"; };
		E091743527A69E8E00A95E7F /* XCTestCase+FailableInsertFeedStoreSpecs.swift */ = {isa = PBXFileReference; lastKnownFileType = sourcecode.swift; path = "XCTestCase+FailableInsertFeedStoreSpecs.swift"; sourceTree = "<group>"; };
		E091743727A6A5BF00A95E7F /* XCTestCase+FailableDeleteFeedStoreSpecs.swift */ = {isa = PBXFileReference; lastKnownFileType = sourcecode.swift; path = "XCTestCase+FailableDeleteFeedStoreSpecs.swift"; sourceTree = "<group>"; };
		E0992F472813D537000F4FC3 /* FeedImageCell.swift */ = {isa = PBXFileReference; lastKnownFileType = sourcecode.swift; path = FeedImageCell.swift; sourceTree = "<group>"; };
		E0992F4928141305000F4FC3 /* UIView+Shimmering.swift */ = {isa = PBXFileReference; lastKnownFileType = sourcecode.swift; path = "UIView+Shimmering.swift"; sourceTree = "<group>"; };
		E0A2D7BA28538E7C00D9077B /* FeedUIIntegrationTests+Localization.swift */ = {isa = PBXFileReference; lastKnownFileType = sourcecode.swift; path = "FeedUIIntegrationTests+Localization.swift"; sourceTree = "<group>"; };
		E0A2D7BD285390F700D9077B /* en */ = {isa = PBXFileReference; lastKnownFileType = text.plist.strings; name = en; path = en.lproj/Feed.strings; sourceTree = "<group>"; };
		E0A2D7BF2853915000D9077B /* pt-BR */ = {isa = PBXFileReference; lastKnownFileType = text.plist.strings; name = "pt-BR"; path = "pt-BR.lproj/Feed.strings"; sourceTree = "<group>"; };
		E0A2D7C02853919D00D9077B /* el */ = {isa = PBXFileReference; lastKnownFileType = text.plist.strings; name = el; path = el.lproj/Feed.strings; sourceTree = "<group>"; };
		E0A2D7C2285392AD00D9077B /* FeedLocalizationTests.swift */ = {isa = PBXFileReference; lastKnownFileType = sourcecode.swift; path = FeedLocalizationTests.swift; sourceTree = "<group>"; };
		E0A7031927A955070012237F /* CoreDataFeedStoreTests.swift */ = {isa = PBXFileReference; lastKnownFileType = sourcecode.swift; path = CoreDataFeedStoreTests.swift; sourceTree = "<group>"; };
		E0A7031B27A9588C0012237F /* CoreDataFeedStore.swift */ = {isa = PBXFileReference; lastKnownFileType = sourcecode.swift; path = CoreDataFeedStore.swift; sourceTree = "<group>"; };
		E0A7031E27A95AB90012237F /* FeedStore.xcdatamodel */ = {isa = PBXFileReference; lastKnownFileType = wrapper.xcdatamodel; path = FeedStore.xcdatamodel; sourceTree = "<group>"; };
		E0A7032327A9B9850012237F /* CoreDataHelpers.swift */ = {isa = PBXFileReference; lastKnownFileType = sourcecode.swift; path = CoreDataHelpers.swift; sourceTree = "<group>"; };
		E0A7032527A9BA010012237F /* ManagedCache.swift */ = {isa = PBXFileReference; lastKnownFileType = sourcecode.swift; path = ManagedCache.swift; sourceTree = "<group>"; };
		E0A7032727A9BA140012237F /* ManagedFeedImage.swift */ = {isa = PBXFileReference; lastKnownFileType = sourcecode.swift; path = ManagedFeedImage.swift; sourceTree = "<group>"; };
		E0A9AE5C27674A7C00DD706E /* HTTPClient.swift */ = {isa = PBXFileReference; lastKnownFileType = sourcecode.swift; path = HTTPClient.swift; sourceTree = "<group>"; };
		E0A9AE5E27674B1600DD706E /* FeedItemsMapper.swift */ = {isa = PBXFileReference; lastKnownFileType = sourcecode.swift; path = FeedItemsMapper.swift; sourceTree = "<group>"; };
		E0CC315E2756A9C400CC3E0C /* FeedImage.swift */ = {isa = PBXFileReference; lastKnownFileType = sourcecode.swift; path = FeedImage.swift; sourceTree = "<group>"; };
		E0CC31602756AA4300CC3E0C /* FeedLoader.swift */ = {isa = PBXFileReference; lastKnownFileType = sourcecode.swift; path = FeedLoader.swift; sourceTree = "<group>"; };
		E0D0AFE927F1775A004CAEDE /* EssentialFeedAPIEndToEndTests.xctest */ = {isa = PBXFileReference; explicitFileType = wrapper.cfbundle; includeInIndex = 0; path = EssentialFeedAPIEndToEndTests.xctest; sourceTree = BUILT_PRODUCTS_DIR; };
		E0D0AFF327F17784004CAEDE /* EssentialFeedAPIEndToEndTests.swift */ = {isa = PBXFileReference; fileEncoding = 4; lastKnownFileType = sourcecode.swift; path = EssentialFeedAPIEndToEndTests.swift; sourceTree = "<group>"; };
		E0D0AFFA27F177E2004CAEDE /* EssentialFeedCacheIntegrationTests.xctest */ = {isa = PBXFileReference; explicitFileType = wrapper.cfbundle; includeInIndex = 0; path = EssentialFeedCacheIntegrationTests.xctest; sourceTree = BUILT_PRODUCTS_DIR; };
		E0D0B00427F1780E004CAEDE /* EssentialFeedCacheIntegrationTests.swift */ = {isa = PBXFileReference; fileEncoding = 4; lastKnownFileType = sourcecode.swift; path = EssentialFeedCacheIntegrationTests.swift; sourceTree = "<group>"; };
		E0D4994A28852D3E00D1AE4E /* UIRefreshControl+Helpers.swift */ = {isa = PBXFileReference; lastKnownFileType = sourcecode.swift; path = "UIRefreshControl+Helpers.swift"; sourceTree = "<group>"; };
		E0D4E28B27A3FDBD00810CC3 /* FeedStoreSpecs.swift */ = {isa = PBXFileReference; lastKnownFileType = sourcecode.swift; path = FeedStoreSpecs.swift; sourceTree = "<group>"; };
		E0D4E28D27A4289300810CC3 /* XCTestCase+FeedStoreSpecs.swift */ = {isa = PBXFileReference; lastKnownFileType = sourcecode.swift; path = "XCTestCase+FeedStoreSpecs.swift"; sourceTree = "<group>"; };
		E0D85953278DAC7A00F14E0E /* RemoteFeedItem.swift */ = {isa = PBXFileReference; lastKnownFileType = sourcecode.swift; path = RemoteFeedItem.swift; sourceTree = "<group>"; };
		E0D85955278DACC500F14E0E /* LocalFeedImage.swift */ = {isa = PBXFileReference; lastKnownFileType = sourcecode.swift; path = LocalFeedImage.swift; sourceTree = "<group>"; };
		E0DDF03927574903007F97B0 /* LoadFeedFromRemoteUseCaseTests.swift */ = {isa = PBXFileReference; lastKnownFileType = sourcecode.swift; path = LoadFeedFromRemoteUseCaseTests.swift; sourceTree = "<group>"; };
		E0DDF03C27575B7A007F97B0 /* RemoteFeedLoader.swift */ = {isa = PBXFileReference; lastKnownFileType = sourcecode.swift; path = RemoteFeedLoader.swift; sourceTree = "<group>"; };
		E0E689CD27EE3A5100A3B866 /* EssentialFeediOS.framework */ = {isa = PBXFileReference; explicitFileType = wrapper.framework; includeInIndex = 0; path = EssentialFeediOS.framework; sourceTree = BUILT_PRODUCTS_DIR; };
		E0E689D427EE3A5100A3B866 /* EssentialFeediOSTests.xctest */ = {isa = PBXFileReference; explicitFileType = wrapper.cfbundle; includeInIndex = 0; path = EssentialFeediOSTests.xctest; sourceTree = BUILT_PRODUCTS_DIR; };
		E0F69424278EC17A00EF0C88 /* LocalFeedFromCacheUsecaseTests.swift */ = {isa = PBXFileReference; lastKnownFileType = sourcecode.swift; path = LocalFeedFromCacheUsecaseTests.swift; sourceTree = "<group>"; };
		E0F69427278EC2AC00EF0C88 /* FeedStoreSpy.swift */ = {isa = PBXFileReference; lastKnownFileType = sourcecode.swift; path = FeedStoreSpy.swift; sourceTree = "<group>"; };
		E0F6B9F5282B9E33005CFABD /* UIImage+TestHelpers.swift */ = {isa = PBXFileReference; lastKnownFileType = sourcecode.swift; path = "UIImage+TestHelpers.swift"; sourceTree = "<group>"; };
		E0F6B9F7282B9EC6005CFABD /* UIRefreshControl+TestHelpers.swift */ = {isa = PBXFileReference; lastKnownFileType = sourcecode.swift; path = "UIRefreshControl+TestHelpers.swift"; sourceTree = "<group>"; };
		E0F6B9F9282B9F21005CFABD /* UIButton+TestHelpers.swift */ = {isa = PBXFileReference; lastKnownFileType = sourcecode.swift; path = "UIButton+TestHelpers.swift"; sourceTree = "<group>"; };
		E0F6B9FB282B9F85005CFABD /* UIControl+TestHelpers.swift */ = {isa = PBXFileReference; lastKnownFileType = sourcecode.swift; path = "UIControl+TestHelpers.swift"; sourceTree = "<group>"; };
		E0F6BA00282BBCBA005CFABD /* FeedViewController+TestHelpers.swift */ = {isa = PBXFileReference; lastKnownFileType = sourcecode.swift; path = "FeedViewController+TestHelpers.swift"; sourceTree = "<group>"; };
		E0F6BA02282BBD21005CFABD /* FeedImageCell+TestHelpers.swift */ = {isa = PBXFileReference; lastKnownFileType = sourcecode.swift; path = "FeedImageCell+TestHelpers.swift"; sourceTree = "<group>"; };
		E0F6BA04282BBDA0005CFABD /* FeedUIIntegrationTests+LoaderSpy.swift */ = {isa = PBXFileReference; lastKnownFileType = sourcecode.swift; path = "FeedUIIntegrationTests+LoaderSpy.swift"; sourceTree = "<group>"; };
		E0F6BA06282BBE72005CFABD /* FeedUIIntegrationTests+Assertions.swift */ = {isa = PBXFileReference; lastKnownFileType = sourcecode.swift; path = "FeedUIIntegrationTests+Assertions.swift"; sourceTree = "<group>"; };
		E0F6BA0D282BC210005CFABD /* FeedImageDataLoader.swift */ = {isa = PBXFileReference; lastKnownFileType = sourcecode.swift; path = FeedImageDataLoader.swift; sourceTree = "<group>"; };
		E0F6BA11282C2EA4005CFABD /* FeedImageCellController.swift */ = {isa = PBXFileReference; lastKnownFileType = sourcecode.swift; path = FeedImageCellController.swift; sourceTree = "<group>"; };
		E0F6BA14282C345E005CFABD /* FeedUIComposer.swift */ = {isa = PBXFileReference; lastKnownFileType = sourcecode.swift; path = FeedUIComposer.swift; sourceTree = "<group>"; };
		E0F95A5027E8F3DB000A2C16 /* EssentialFeed.framework */ = {isa = PBXFileReference; explicitFileType = wrapper.framework; includeInIndex = 0; path = EssentialFeed.framework; sourceTree = BUILT_PRODUCTS_DIR; };
		E0F95A5227E8F3DB000A2C16 /* EssentialFeedMacFramework.h */ = {isa = PBXFileReference; lastKnownFileType = sourcecode.c.h; path = EssentialFeedMacFramework.h; sourceTree = "<group>"; };
		E0F95A5327E8F3DB000A2C16 /* EssentialFeedMacFramework.docc */ = {isa = PBXFileReference; lastKnownFileType = folder.documentationcatalog; path = EssentialFeedMacFramework.docc; sourceTree = "<group>"; };
		E0F95A5927E8F3DB000A2C16 /* EssentialFeedTests.xctest */ = {isa = PBXFileReference; explicitFileType = wrapper.cfbundle; includeInIndex = 0; path = EssentialFeedTests.xctest; sourceTree = BUILT_PRODUCTS_DIR; };
/* End PBXFileReference section */

/* Begin PBXFrameworksBuildPhase section */
		E0D0AFE627F1775A004CAEDE /* Frameworks */ = {
			isa = PBXFrameworksBuildPhase;
			buildActionMask = 2147483647;
			files = (
				E0D0AFED27F1775A004CAEDE /* EssentialFeed.framework in Frameworks */,
			);
			runOnlyForDeploymentPostprocessing = 0;
		};
		E0D0AFF727F177E2004CAEDE /* Frameworks */ = {
			isa = PBXFrameworksBuildPhase;
			buildActionMask = 2147483647;
			files = (
				E0D0AFFE27F177E2004CAEDE /* EssentialFeed.framework in Frameworks */,
			);
			runOnlyForDeploymentPostprocessing = 0;
		};
		E0E689CA27EE3A5100A3B866 /* Frameworks */ = {
			isa = PBXFrameworksBuildPhase;
			buildActionMask = 2147483647;
			files = (
				E00CDCC727F9B213006798B6 /* EssentialFeed.framework in Frameworks */,
			);
			runOnlyForDeploymentPostprocessing = 0;
		};
		E0E689D127EE3A5100A3B866 /* Frameworks */ = {
			isa = PBXFrameworksBuildPhase;
			buildActionMask = 2147483647;
			files = (
				E0E689D527EE3A5100A3B866 /* EssentialFeediOS.framework in Frameworks */,
			);
			runOnlyForDeploymentPostprocessing = 0;
		};
		E0F95A4D27E8F3DB000A2C16 /* Frameworks */ = {
			isa = PBXFrameworksBuildPhase;
			buildActionMask = 2147483647;
			files = (
			);
			runOnlyForDeploymentPostprocessing = 0;
		};
		E0F95A5627E8F3DB000A2C16 /* Frameworks */ = {
			isa = PBXFrameworksBuildPhase;
			buildActionMask = 2147483647;
			files = (
				E0F95A5A27E8F3DB000A2C16 /* EssentialFeed.framework in Frameworks */,
			);
			runOnlyForDeploymentPostprocessing = 0;
		};
/* End PBXFrameworksBuildPhase section */

/* Begin PBXGroup section */
		E0024645282F883000564CCF /* Feed Presentation */ = {
			isa = PBXGroup;
			children = (
				E01966B72833E24A007967DD /* FeedPresenter.swift */,
				E01966B928342027007967DD /* FeedImagePresenter.swift */,
				E07BEE6F28842009000ED638 /* FeedErrorViewModel.swift */,
				E01966BB28342490007967DD /* FeedImageViewModel.swift */,
				E01966BD28342F9C007967DD /* FeedLoadingViewModel.swift */,
				E01966BF28342FB6007967DD /* FeedViewModel.swift */,
				E0A2D7BE285390F700D9077B /* Feed.strings */,
			);
			path = "Feed Presentation";
			sourceTree = "<group>";
		};
		E00CDCC627F9B213006798B6 /* Frameworks */ = {
			isa = PBXGroup;
			children = (
			);
			name = Frameworks;
			sourceTree = "<group>";
		};
		E01353EA27818FFC00712A80 /* Feed Cache */ = {
			isa = PBXGroup;
			children = (
				E091743A27A6A6D300A95E7F /* FeedStoreSpecs */,
				E0F69426278EC29C00EF0C88 /* Helper */,
				E01353EB2781901B00712A80 /* CacheFeedUseCaseTests.swift */,
				E04E2BF327995CDB0004EFA5 /* ValidateFeedCacheUsecaseTests.swift */,
				E0F69424278EC17A00EF0C88 /* LocalFeedFromCacheUsecaseTests.swift */,
				E0A7031927A955070012237F /* CoreDataFeedStoreTests.swift */,
			);
			path = "Feed Cache";
			sourceTree = "<group>";
		};
		E01DA2BE2788B6F700658519 /* Feed Cache */ = {
			isa = PBXGroup;
			children = (
				E0A7032027A9B8AC0012237F /* Infrastructure */,
				E01DA2BF2788B70B00658519 /* LocalFeedLoader.swift */,
				E01DA2C12788B74000658519 /* FeedStore.swift */,
				E0D85955278DACC500F14E0E /* LocalFeedImage.swift */,
				E058339C279BD3BA007F6E78 /* FeedCachePolicy.swift */,
			);
			path = "Feed Cache";
			sourceTree = "<group>";
		};
		E0614CDA2771EF7B00546A3D /* Helper */ = {
			isa = PBXGroup;
			children = (
				E0614CDB2771F00600546A3D /* XCTestCase+MemoryTracker.swift */,
				E0871AEE279AC3AF000643C7 /* SharedTestHelper.swift */,
			);
			path = Helper;
			sourceTree = "<group>";
		};
		E07BEE6E28841FA9000ED638 /* Helpers */ = {
			isa = PBXGroup;
			children = (
				E0992F4928141305000F4FC3 /* UIView+Shimmering.swift */,
				E00B79C3283F8EE3002CAAC3 /* UITableView+DequeueCell.swift */,
				E00B79C5283F927C002CAAC3 /* UIImageView+Animation.swift */,
				E0D4994A28852D3E00D1AE4E /* UIRefreshControl+Helpers.swift */,
			);
			path = Helpers;
			sourceTree = "<group>";
		};
		E091743A27A6A6D300A95E7F /* FeedStoreSpecs */ = {
			isa = PBXGroup;
			children = (
				E0D4E28B27A3FDBD00810CC3 /* FeedStoreSpecs.swift */,
				E0D4E28D27A4289300810CC3 /* XCTestCase+FeedStoreSpecs.swift */,
				E091743327A69D9000A95E7F /* XCTestCase+FailableRetrieveFeedStoreSpecs.swift */,
				E091743527A69E8E00A95E7F /* XCTestCase+FailableInsertFeedStoreSpecs.swift */,
				E091743727A6A5BF00A95E7F /* XCTestCase+FailableDeleteFeedStoreSpecs.swift */,
			);
			path = FeedStoreSpecs;
			sourceTree = "<group>";
		};
		E0A2D7C12853928400D9077B /* Feed Presentation */ = {
			isa = PBXGroup;
			children = (
				E0A2D7C2285392AD00D9077B /* FeedLocalizationTests.swift */,
			);
			path = "Feed Presentation";
			sourceTree = "<group>";
		};
		E0A7032027A9B8AC0012237F /* Infrastructure */ = {
			isa = PBXGroup;
			children = (
				E0A7032127A9B8C50012237F /* CoreData */,
			);
			path = Infrastructure;
			sourceTree = "<group>";
		};
		E0A7032127A9B8C50012237F /* CoreData */ = {
			isa = PBXGroup;
			children = (
				E0A7031B27A9588C0012237F /* CoreDataFeedStore.swift */,
				E0A7032327A9B9850012237F /* CoreDataHelpers.swift */,
				E0A7031D27A95AB90012237F /* FeedStore.xcdatamodeld */,
				E0A7032527A9BA010012237F /* ManagedCache.swift */,
				E0A7032727A9BA140012237F /* ManagedFeedImage.swift */,
			);
			path = CoreData;
			sourceTree = "<group>";
		};
		E0A9AE602767575F00DD706E /* Feed API */ = {
			isa = PBXGroup;
			children = (
				E0DDF03927574903007F97B0 /* LoadFeedFromRemoteUseCaseTests.swift */,
				E0614CD827708A2700546A3D /* URLSessionHTTPClientTest.swift */,
			);
			path = "Feed API";
			sourceTree = "<group>";
		};
		E0CC31432756A9A900CC3E0C = {
			isa = PBXGroup;
			children = (
				E0F95A5127E8F3DB000A2C16 /* EssentialFeed */,
				E0F95A5D27E8F3DB000A2C16 /* EssentialFeedTests */,
				E0E689CE27EE3A5100A3B866 /* EssentialFeediOS */,
				E0E689D827EE3A5100A3B866 /* EssentialFeediOSTests */,
				E0D0AFEA27F1775A004CAEDE /* EssentialFeedAPIEndToEndTests */,
				E0D0AFFB27F177E2004CAEDE /* EssentialFeedCacheIntegrationTests */,
				E0CC314D2756A9A900CC3E0C /* Products */,
				E00CDCC627F9B213006798B6 /* Frameworks */,
			);
			sourceTree = "<group>";
		};
		E0CC314D2756A9A900CC3E0C /* Products */ = {
			isa = PBXGroup;
			children = (
				E0F95A5027E8F3DB000A2C16 /* EssentialFeed.framework */,
				E0F95A5927E8F3DB000A2C16 /* EssentialFeedTests.xctest */,
				E0E689CD27EE3A5100A3B866 /* EssentialFeediOS.framework */,
				E0E689D427EE3A5100A3B866 /* EssentialFeediOSTests.xctest */,
				E0D0AFE927F1775A004CAEDE /* EssentialFeedAPIEndToEndTests.xctest */,
				E0D0AFFA27F177E2004CAEDE /* EssentialFeedCacheIntegrationTests.xctest */,
			);
			name = Products;
			sourceTree = "<group>";
		};
		E0CC31622756AACA00CC3E0C /* Feed Feature */ = {
			isa = PBXGroup;
			children = (
				E0CC315E2756A9C400CC3E0C /* FeedImage.swift */,
				E0CC31602756AA4300CC3E0C /* FeedLoader.swift */,
			);
			path = "Feed Feature";
			sourceTree = "<group>";
		};
		E0D0AFEA27F1775A004CAEDE /* EssentialFeedAPIEndToEndTests */ = {
			isa = PBXGroup;
			children = (
				E0D0AFF327F17784004CAEDE /* EssentialFeedAPIEndToEndTests.swift */,
			);
			path = EssentialFeedAPIEndToEndTests;
			sourceTree = "<group>";
		};
		E0D0AFFB27F177E2004CAEDE /* EssentialFeedCacheIntegrationTests */ = {
			isa = PBXGroup;
			children = (
				E0D0B00427F1780E004CAEDE /* EssentialFeedCacheIntegrationTests.swift */,
			);
			path = EssentialFeedCacheIntegrationTests;
			sourceTree = "<group>";
		};
		E0DDF03B27575B6A007F97B0 /* Feed API */ = {
			isa = PBXGroup;
			children = (
				E0DDF03C27575B7A007F97B0 /* RemoteFeedLoader.swift */,
				E0A9AE5C27674A7C00DD706E /* HTTPClient.swift */,
				E0A9AE5E27674B1600DD706E /* FeedItemsMapper.swift */,
				E0614CDD27732D2A00546A3D /* URLSessionHTTPClient.swift */,
				E0D85953278DAC7A00F14E0E /* RemoteFeedItem.swift */,
			);
			path = "Feed API";
			sourceTree = "<group>";
		};
		E0E689CE27EE3A5100A3B866 /* EssentialFeediOS */ = {
			isa = PBXGroup;
			children = (
				E0F6BA0C282BC1FC005CFABD /* Feed Image Loader */,
				E0F6BA0A282BC091005CFABD /* Feed UI */,
			);
			path = EssentialFeediOS;
			sourceTree = "<group>";
		};
		E0E689D827EE3A5100A3B866 /* EssentialFeediOSTests */ = {
			isa = PBXGroup;
			children = (
				E0A2D7C12853928400D9077B /* Feed Presentation */,
				E0F6BA09282BC069005CFABD /* Feed UI */,
			);
			path = EssentialFeediOSTests;
			sourceTree = "<group>";
		};
		E0F69426278EC29C00EF0C88 /* Helper */ = {
			isa = PBXGroup;
			children = (
				E0F69427278EC2AC00EF0C88 /* FeedStoreSpy.swift */,
				E0871AEC279AC309000643C7 /* FeedCacheTestHelper.swift */,
			);
			path = Helper;
			sourceTree = "<group>";
		};
		E0F6B9FE282BBBC6005CFABD /* Controllers */ = {
			isa = PBXGroup;
			children = (
				E07E590B27FD964D0094AF29 /* FeedViewController.swift */,
				E0F6BA11282C2EA4005CFABD /* FeedImageCellController.swift */,
			);
			path = Controllers;
			sourceTree = "<group>";
		};
		E0F6B9FF282BBBCC005CFABD /* Views */ = {
			isa = PBXGroup;
			children = (
				E07BEE6E28841FA9000ED638 /* Helpers */,
				E07BEE6C28841A9E000ED638 /* ErrorView.swift */,
				E0992F472813D537000F4FC3 /* FeedImageCell.swift */,
				E00B79BF283F7C11002CAAC3 /* Feed.storyboard */,
				E00B79C1283F7CB9002CAAC3 /* feed.xcassets */,
			);
			path = Views;
			sourceTree = "<group>";
		};
		E0F6BA09282BC069005CFABD /* Feed UI */ = {
			isa = PBXGroup;
			children = (
				E00CDCC427F99F4C006798B6 /* FeedUIIntegrationTests.swift */,
				E0F6BA0B282BC15D005CFABD /* Helpers */,
			);
			path = "Feed UI";
			sourceTree = "<group>";
		};
		E0F6BA0A282BC091005CFABD /* Feed UI */ = {
			isa = PBXGroup;
			children = (
				E0024645282F883000564CCF /* Feed Presentation */,
				E0F6BA13282C3450005CFABD /* Composers */,
				E0F6B9FF282BBBCC005CFABD /* Views */,
				E0F6B9FE282BBBC6005CFABD /* Controllers */,
			);
			path = "Feed UI";
			sourceTree = "<group>";
		};
		E0F6BA0B282BC15D005CFABD /* Helpers */ = {
			isa = PBXGroup;
			children = (
				E0F6B9F5282B9E33005CFABD /* UIImage+TestHelpers.swift */,
				E0F6B9F7282B9EC6005CFABD /* UIRefreshControl+TestHelpers.swift */,
				E0F6B9F9282B9F21005CFABD /* UIButton+TestHelpers.swift */,
				E0F6B9FB282B9F85005CFABD /* UIControl+TestHelpers.swift */,
				E0F6BA00282BBCBA005CFABD /* FeedViewController+TestHelpers.swift */,
				E0F6BA02282BBD21005CFABD /* FeedImageCell+TestHelpers.swift */,
				E0F6BA04282BBDA0005CFABD /* FeedUIIntegrationTests+LoaderSpy.swift */,
				E0F6BA06282BBE72005CFABD /* FeedUIIntegrationTests+Assertions.swift */,
				E0A2D7BA28538E7C00D9077B /* FeedUIIntegrationTests+Localization.swift */,
			);
			path = Helpers;
			sourceTree = "<group>";
		};
		E0F6BA0C282BC1FC005CFABD /* Feed Image Loader */ = {
			isa = PBXGroup;
			children = (
				E0F6BA0D282BC210005CFABD /* FeedImageDataLoader.swift */,
			);
			path = "Feed Image Loader";
			sourceTree = "<group>";
		};
		E0F6BA13282C3450005CFABD /* Composers */ = {
			isa = PBXGroup;
			children = (
				E0F6BA14282C345E005CFABD /* FeedUIComposer.swift */,
				E051BD0B286092320046BF75 /* MainQueueDispatchDecorator.swift */,
				E051BD0D286095900046BF75 /* WeakRefVirtualProxy.swift */,
				E051BD0F286096350046BF75 /* FeedImageDataLoaderPresentationAdapter.swift */,
				E051BD112860967D0046BF75 /* FeedLoaderPresentationAdaapter.swift */,
				E051BD13286096DF0046BF75 /* FeedViewAdapter.swift */,
			);
			path = Composers;
			sourceTree = "<group>";
		};
		E0F95A5127E8F3DB000A2C16 /* EssentialFeed */ = {
			isa = PBXGroup;
			children = (
				E0CC31622756AACA00CC3E0C /* Feed Feature */,
				E01DA2BE2788B6F700658519 /* Feed Cache */,
				E0DDF03B27575B6A007F97B0 /* Feed API */,
				E0F95A5227E8F3DB000A2C16 /* EssentialFeedMacFramework.h */,
				E0F95A5327E8F3DB000A2C16 /* EssentialFeedMacFramework.docc */,
			);
			path = EssentialFeed;
			sourceTree = "<group>";
		};
		E0F95A5D27E8F3DB000A2C16 /* EssentialFeedTests */ = {
			isa = PBXGroup;
			children = (
				E0614CDA2771EF7B00546A3D /* Helper */,
				E01353EA27818FFC00712A80 /* Feed Cache */,
				E0A9AE602767575F00DD706E /* Feed API */,
			);
			path = EssentialFeedTests;
			sourceTree = "<group>";
		};
/* End PBXGroup section */

/* Begin PBXHeadersBuildPhase section */
		E0E689C827EE3A5100A3B866 /* Headers */ = {
			isa = PBXHeadersBuildPhase;
			buildActionMask = 2147483647;
			files = (
			);
			runOnlyForDeploymentPostprocessing = 0;
		};
		E0F95A4B27E8F3DB000A2C16 /* Headers */ = {
			isa = PBXHeadersBuildPhase;
			buildActionMask = 2147483647;
			files = (
				E0F95A6027E8F3DB000A2C16 /* EssentialFeedMacFramework.h in Headers */,
			);
			runOnlyForDeploymentPostprocessing = 0;
		};
/* End PBXHeadersBuildPhase section */

/* Begin PBXNativeTarget section */
		E0D0AFE827F1775A004CAEDE /* EssentialFeedAPIEndToEndTests */ = {
			isa = PBXNativeTarget;
			buildConfigurationList = E0D0AFF027F1775A004CAEDE /* Build configuration list for PBXNativeTarget "EssentialFeedAPIEndToEndTests" */;
			buildPhases = (
				E0D0AFE527F1775A004CAEDE /* Sources */,
				E0D0AFE627F1775A004CAEDE /* Frameworks */,
				E0D0AFE727F1775A004CAEDE /* Resources */,
			);
			buildRules = (
			);
			dependencies = (
				E0D0AFEF27F1775A004CAEDE /* PBXTargetDependency */,
			);
			name = EssentialFeedAPIEndToEndTests;
			productName = EssentialFeedAPIEndToEndTests;
			productReference = E0D0AFE927F1775A004CAEDE /* EssentialFeedAPIEndToEndTests.xctest */;
			productType = "com.apple.product-type.bundle.unit-test";
		};
		E0D0AFF927F177E2004CAEDE /* EssentialFeedCacheIntegrationTests */ = {
			isa = PBXNativeTarget;
			buildConfigurationList = E0D0B00127F177E2004CAEDE /* Build configuration list for PBXNativeTarget "EssentialFeedCacheIntegrationTests" */;
			buildPhases = (
				E0D0AFF627F177E2004CAEDE /* Sources */,
				E0D0AFF727F177E2004CAEDE /* Frameworks */,
				E0D0AFF827F177E2004CAEDE /* Resources */,
			);
			buildRules = (
			);
			dependencies = (
				E0D0B00027F177E2004CAEDE /* PBXTargetDependency */,
			);
			name = EssentialFeedCacheIntegrationTests;
			productName = EssentialFeedCacheIntegrationTests;
			productReference = E0D0AFFA27F177E2004CAEDE /* EssentialFeedCacheIntegrationTests.xctest */;
			productType = "com.apple.product-type.bundle.unit-test";
		};
		E0E689CC27EE3A5100A3B866 /* EssentialFeediOS */ = {
			isa = PBXNativeTarget;
			buildConfigurationList = E0E689DC27EE3A5100A3B866 /* Build configuration list for PBXNativeTarget "EssentialFeediOS" */;
			buildPhases = (
				E0E689C827EE3A5100A3B866 /* Headers */,
				E0E689C927EE3A5100A3B866 /* Sources */,
				E0E689CA27EE3A5100A3B866 /* Frameworks */,
				E0E689CB27EE3A5100A3B866 /* Resources */,
			);
			buildRules = (
			);
			dependencies = (
				E00CDCCA27F9B213006798B6 /* PBXTargetDependency */,
			);
			name = EssentialFeediOS;
			productName = EssentialFeediOS;
			productReference = E0E689CD27EE3A5100A3B866 /* EssentialFeediOS.framework */;
			productType = "com.apple.product-type.framework";
		};
		E0E689D327EE3A5100A3B866 /* EssentialFeediOSTests */ = {
			isa = PBXNativeTarget;
			buildConfigurationList = E0E689DF27EE3A5100A3B866 /* Build configuration list for PBXNativeTarget "EssentialFeediOSTests" */;
			buildPhases = (
				E0E689D027EE3A5100A3B866 /* Sources */,
				E0E689D127EE3A5100A3B866 /* Frameworks */,
				E0E689D227EE3A5100A3B866 /* Resources */,
			);
			buildRules = (
			);
			dependencies = (
				E0E689D727EE3A5100A3B866 /* PBXTargetDependency */,
			);
			name = EssentialFeediOSTests;
			productName = EssentialFeediOSTests;
			productReference = E0E689D427EE3A5100A3B866 /* EssentialFeediOSTests.xctest */;
			productType = "com.apple.product-type.bundle.unit-test";
		};
		E0F95A4F27E8F3DB000A2C16 /* EssentialFeed */ = {
			isa = PBXNativeTarget;
			buildConfigurationList = E0F95A6527E8F3DB000A2C16 /* Build configuration list for PBXNativeTarget "EssentialFeed" */;
			buildPhases = (
				E0F95A4B27E8F3DB000A2C16 /* Headers */,
				E0F95A4C27E8F3DB000A2C16 /* Sources */,
				E0F95A4D27E8F3DB000A2C16 /* Frameworks */,
				E0F95A4E27E8F3DB000A2C16 /* Resources */,
			);
			buildRules = (
			);
			dependencies = (
			);
			name = EssentialFeed;
			productName = EssentialFeedMacFramework;
			productReference = E0F95A5027E8F3DB000A2C16 /* EssentialFeed.framework */;
			productType = "com.apple.product-type.framework";
		};
		E0F95A5827E8F3DB000A2C16 /* EssentialFeedTests */ = {
			isa = PBXNativeTarget;
			buildConfigurationList = E0F95A6627E8F3DB000A2C16 /* Build configuration list for PBXNativeTarget "EssentialFeedTests" */;
			buildPhases = (
				E0F95A5527E8F3DB000A2C16 /* Sources */,
				E0F95A5627E8F3DB000A2C16 /* Frameworks */,
				E0F95A5727E8F3DB000A2C16 /* Resources */,
			);
			buildRules = (
			);
			dependencies = (
				E0014A7027E901BA005D708A /* PBXTargetDependency */,
			);
			name = EssentialFeedTests;
			productName = EssentialFeedMacFrameworkTests;
			productReference = E0F95A5927E8F3DB000A2C16 /* EssentialFeedTests.xctest */;
			productType = "com.apple.product-type.bundle.unit-test";
		};
/* End PBXNativeTarget section */

/* Begin PBXProject section */
		E0CC31442756A9A900CC3E0C /* Project object */ = {
			isa = PBXProject;
			attributes = {
				BuildIndependentTargetsInParallel = 1;
				LastSwiftUpdateCheck = 1320;
				LastUpgradeCheck = 1300;
				TargetAttributes = {
					E0D0AFE827F1775A004CAEDE = {
						CreatedOnToolsVersion = 13.2.1;
					};
					E0D0AFF927F177E2004CAEDE = {
						CreatedOnToolsVersion = 13.2.1;
					};
					E0E689CC27EE3A5100A3B866 = {
						CreatedOnToolsVersion = 13.2.1;
						LastSwiftMigration = 1320;
					};
					E0E689D327EE3A5100A3B866 = {
						CreatedOnToolsVersion = 13.2.1;
					};
					E0F95A4F27E8F3DB000A2C16 = {
						CreatedOnToolsVersion = 13.2.1;
					};
					E0F95A5827E8F3DB000A2C16 = {
						CreatedOnToolsVersion = 13.2.1;
					};
				};
			};
			buildConfigurationList = E0CC31472756A9A900CC3E0C /* Build configuration list for PBXProject "EssentialFeed" */;
			compatibilityVersion = "Xcode 13.0";
			developmentRegion = en;
			hasScannedForEncodings = 0;
			knownRegions = (
				en,
				Base,
				"pt-BR",
				el,
			);
			mainGroup = E0CC31432756A9A900CC3E0C;
			productRefGroup = E0CC314D2756A9A900CC3E0C /* Products */;
			projectDirPath = "";
			projectRoot = "";
			targets = (
				E0F95A4F27E8F3DB000A2C16 /* EssentialFeed */,
				E0F95A5827E8F3DB000A2C16 /* EssentialFeedTests */,
				E0D0AFE827F1775A004CAEDE /* EssentialFeedAPIEndToEndTests */,
				E0D0AFF927F177E2004CAEDE /* EssentialFeedCacheIntegrationTests */,
				E0E689CC27EE3A5100A3B866 /* EssentialFeediOS */,
				E0E689D327EE3A5100A3B866 /* EssentialFeediOSTests */,
			);
		};
/* End PBXProject section */

/* Begin PBXResourcesBuildPhase section */
		E0D0AFE727F1775A004CAEDE /* Resources */ = {
			isa = PBXResourcesBuildPhase;
			buildActionMask = 2147483647;
			files = (
			);
			runOnlyForDeploymentPostprocessing = 0;
		};
		E0D0AFF827F177E2004CAEDE /* Resources */ = {
			isa = PBXResourcesBuildPhase;
			buildActionMask = 2147483647;
			files = (
			);
			runOnlyForDeploymentPostprocessing = 0;
		};
		E0E689CB27EE3A5100A3B866 /* Resources */ = {
			isa = PBXResourcesBuildPhase;
			buildActionMask = 2147483647;
			files = (
				E00B79C0283F7C11002CAAC3 /* Feed.storyboard in Resources */,
				E00B79C2283F7CB9002CAAC3 /* feed.xcassets in Resources */,
				E0A2D7BC285390F700D9077B /* Feed.strings in Resources */,
			);
			runOnlyForDeploymentPostprocessing = 0;
		};
		E0E689D227EE3A5100A3B866 /* Resources */ = {
			isa = PBXResourcesBuildPhase;
			buildActionMask = 2147483647;
			files = (
			);
			runOnlyForDeploymentPostprocessing = 0;
		};
		E0F95A4E27E8F3DB000A2C16 /* Resources */ = {
			isa = PBXResourcesBuildPhase;
			buildActionMask = 2147483647;
			files = (
			);
			runOnlyForDeploymentPostprocessing = 0;
		};
		E0F95A5727E8F3DB000A2C16 /* Resources */ = {
			isa = PBXResourcesBuildPhase;
			buildActionMask = 2147483647;
			files = (
			);
			runOnlyForDeploymentPostprocessing = 0;
		};
/* End PBXResourcesBuildPhase section */

/* Begin PBXSourcesBuildPhase section */
		E0D0AFE527F1775A004CAEDE /* Sources */ = {
			isa = PBXSourcesBuildPhase;
			buildActionMask = 2147483647;
			files = (
				E0D0AFF527F177B0004CAEDE /* XCTestCase+MemoryTracker.swift in Sources */,
				E0D0AFF427F17784004CAEDE /* EssentialFeedAPIEndToEndTests.swift in Sources */,
			);
			runOnlyForDeploymentPostprocessing = 0;
		};
		E0D0AFF627F177E2004CAEDE /* Sources */ = {
			isa = PBXSourcesBuildPhase;
			buildActionMask = 2147483647;
			files = (
				E0D0B00827F17B97004CAEDE /* SharedTestHelper.swift in Sources */,
				E0D0B00727F17876004CAEDE /* FeedCacheTestHelper.swift in Sources */,
				E0D0B00627F17832004CAEDE /* XCTestCase+MemoryTracker.swift in Sources */,
				E0D0B00527F1780E004CAEDE /* EssentialFeedCacheIntegrationTests.swift in Sources */,
			);
			runOnlyForDeploymentPostprocessing = 0;
		};
		E0E689C927EE3A5100A3B866 /* Sources */ = {
			isa = PBXSourcesBuildPhase;
			buildActionMask = 2147483647;
			files = (
				E01966B82833E24A007967DD /* FeedPresenter.swift in Sources */,
				E0F6BA0E282BC210005CFABD /* FeedImageDataLoader.swift in Sources */,
				E07BEE6D28841A9E000ED638 /* ErrorView.swift in Sources */,
				E0D4994B28852D3E00D1AE4E /* UIRefreshControl+Helpers.swift in Sources */,
				E01966C028342FB6007967DD /* FeedViewModel.swift in Sources */,
				E01966BE28342F9C007967DD /* FeedLoadingViewModel.swift in Sources */,
				E0992F4A28141305000F4FC3 /* UIView+Shimmering.swift in Sources */,
				E01966BC28342490007967DD /* FeedImageViewModel.swift in Sources */,
				E00B79C4283F8EE3002CAAC3 /* UITableView+DequeueCell.swift in Sources */,
				E051BD0E286095900046BF75 /* WeakRefVirtualProxy.swift in Sources */,
				E051BD122860967D0046BF75 /* FeedLoaderPresentationAdaapter.swift in Sources */,
				E01966BA28342027007967DD /* FeedImagePresenter.swift in Sources */,
				E051BD0C286092320046BF75 /* MainQueueDispatchDecorator.swift in Sources */,
				E07E590C27FD964D0094AF29 /* FeedViewController.swift in Sources */,
				E0992F482813D537000F4FC3 /* FeedImageCell.swift in Sources */,
				E051BD10286096350046BF75 /* FeedImageDataLoaderPresentationAdapter.swift in Sources */,
				E0F6BA12282C2EA4005CFABD /* FeedImageCellController.swift in Sources */,
				E0F6BA15282C345E005CFABD /* FeedUIComposer.swift in Sources */,
				E07BEE7028842009000ED638 /* FeedErrorViewModel.swift in Sources */,
				E051BD14286096DF0046BF75 /* FeedViewAdapter.swift in Sources */,
				E00B79C6283F927C002CAAC3 /* UIImageView+Animation.swift in Sources */,
			);
			runOnlyForDeploymentPostprocessing = 0;
		};
		E0E689D027EE3A5100A3B866 /* Sources */ = {
			isa = PBXSourcesBuildPhase;
			buildActionMask = 2147483647;
			files = (
				E00CDCCC27F9B5BC006798B6 /* XCTestCase+MemoryTracker.swift in Sources */,
				E0F6BA07282BBE72005CFABD /* FeedUIIntegrationTests+Assertions.swift in Sources */,
				E0A2D7C3285392AD00D9077B /* FeedLocalizationTests.swift in Sources */,
				E0F6BA05282BBDA0005CFABD /* FeedUIIntegrationTests+LoaderSpy.swift in Sources */,
				E0F6B9FA282B9F21005CFABD /* UIButton+TestHelpers.swift in Sources */,
				E0F6B9F8282B9EC6005CFABD /* UIRefreshControl+TestHelpers.swift in Sources */,
				E0F6B9FC282B9F85005CFABD /* UIControl+TestHelpers.swift in Sources */,
				E0A2D7BB28538E7C00D9077B /* FeedUIIntegrationTests+Localization.swift in Sources */,
				E0F6BA01282BBCBA005CFABD /* FeedViewController+TestHelpers.swift in Sources */,
				E00CDCC527F99F4C006798B6 /* FeedUIIntegrationTests.swift in Sources */,
				E0F6B9F6282B9E33005CFABD /* UIImage+TestHelpers.swift in Sources */,
				E0F6BA03282BBD21005CFABD /* FeedImageCell+TestHelpers.swift in Sources */,
			);
			runOnlyForDeploymentPostprocessing = 0;
		};
		E0F95A4C27E8F3DB000A2C16 /* Sources */ = {
			isa = PBXSourcesBuildPhase;
			buildActionMask = 2147483647;
			files = (
				E0014A7327E90207005D708A /* FeedImage.swift in Sources */,
				E0014A7427E90207005D708A /* FeedLoader.swift in Sources */,
				E0014A7527E90207005D708A /* CoreDataFeedStore.swift in Sources */,
				E0014A7627E90207005D708A /* CoreDataHelpers.swift in Sources */,
				E0014A7727E90207005D708A /* FeedStore.xcdatamodeld in Sources */,
				E0014A7827E90207005D708A /* ManagedCache.swift in Sources */,
				E0014A7927E90207005D708A /* ManagedFeedImage.swift in Sources */,
				E0014A7A27E90207005D708A /* LocalFeedLoader.swift in Sources */,
				E0014A7B27E90207005D708A /* FeedStore.swift in Sources */,
				E0014A7C27E90207005D708A /* LocalFeedImage.swift in Sources */,
				E0014A7D27E90207005D708A /* FeedCachePolicy.swift in Sources */,
				E0014A7E27E90207005D708A /* RemoteFeedLoader.swift in Sources */,
				E0014A7F27E90207005D708A /* HTTPClient.swift in Sources */,
				E0014A8027E90207005D708A /* FeedItemsMapper.swift in Sources */,
				E0014A8127E90207005D708A /* RemoteFeedItem.swift in Sources */,
				E0F95A5427E8F3DB000A2C16 /* EssentialFeedMacFramework.docc in Sources */,
				E0014A6E27E900DA005D708A /* URLSessionHTTPClient.swift in Sources */,
			);
			runOnlyForDeploymentPostprocessing = 0;
		};
		E0F95A5527E8F3DB000A2C16 /* Sources */ = {
			isa = PBXSourcesBuildPhase;
			buildActionMask = 2147483647;
			files = (
				E0014A8227E90222005D708A /* XCTestCase+MemoryTracker.swift in Sources */,
				E0014A8327E90222005D708A /* SharedTestHelper.swift in Sources */,
				E0014A8427E90222005D708A /* FeedStoreSpecs.swift in Sources */,
				E0014A8527E90222005D708A /* XCTestCase+FeedStoreSpecs.swift in Sources */,
				E0014A8627E90222005D708A /* XCTestCase+FailableRetrieveFeedStoreSpecs.swift in Sources */,
				E0014A8727E90222005D708A /* XCTestCase+FailableInsertFeedStoreSpecs.swift in Sources */,
				E0014A8827E90222005D708A /* XCTestCase+FailableDeleteFeedStoreSpecs.swift in Sources */,
				E0014A8927E90222005D708A /* FeedStoreSpy.swift in Sources */,
				E0014A8A27E90222005D708A /* FeedCacheTestHelper.swift in Sources */,
				E0014A8B27E90222005D708A /* CacheFeedUseCaseTests.swift in Sources */,
				E0014A8C27E90222005D708A /* ValidateFeedCacheUsecaseTests.swift in Sources */,
				E0014A8D27E90222005D708A /* LocalFeedFromCacheUsecaseTests.swift in Sources */,
				E0014A8E27E90222005D708A /* CoreDataFeedStoreTests.swift in Sources */,
				E0014A8F27E90222005D708A /* LoadFeedFromRemoteUseCaseTests.swift in Sources */,
				E0014A9027E90222005D708A /* URLSessionHTTPClientTest.swift in Sources */,
			);
			runOnlyForDeploymentPostprocessing = 0;
		};
/* End PBXSourcesBuildPhase section */

/* Begin PBXTargetDependency section */
		E0014A7027E901BA005D708A /* PBXTargetDependency */ = {
			isa = PBXTargetDependency;
			target = E0F95A4F27E8F3DB000A2C16 /* EssentialFeed */;
			targetProxy = E0014A6F27E901BA005D708A /* PBXContainerItemProxy */;
		};
		E00CDCCA27F9B213006798B6 /* PBXTargetDependency */ = {
			isa = PBXTargetDependency;
			target = E0F95A4F27E8F3DB000A2C16 /* EssentialFeed */;
			targetProxy = E00CDCC927F9B213006798B6 /* PBXContainerItemProxy */;
		};
		E0D0AFEF27F1775A004CAEDE /* PBXTargetDependency */ = {
			isa = PBXTargetDependency;
			platformFilter = ios;
			target = E0F95A4F27E8F3DB000A2C16 /* EssentialFeed */;
			targetProxy = E0D0AFEE27F1775A004CAEDE /* PBXContainerItemProxy */;
		};
		E0D0B00027F177E2004CAEDE /* PBXTargetDependency */ = {
			isa = PBXTargetDependency;
			platformFilter = ios;
			target = E0F95A4F27E8F3DB000A2C16 /* EssentialFeed */;
			targetProxy = E0D0AFFF27F177E2004CAEDE /* PBXContainerItemProxy */;
		};
		E0E689D727EE3A5100A3B866 /* PBXTargetDependency */ = {
			isa = PBXTargetDependency;
			target = E0E689CC27EE3A5100A3B866 /* EssentialFeediOS */;
			targetProxy = E0E689D627EE3A5100A3B866 /* PBXContainerItemProxy */;
		};
/* End PBXTargetDependency section */

/* Begin PBXVariantGroup section */
		E0A2D7BE285390F700D9077B /* Feed.strings */ = {
			isa = PBXVariantGroup;
			children = (
				E0A2D7BD285390F700D9077B /* en */,
				E0A2D7BF2853915000D9077B /* pt-BR */,
				E0A2D7C02853919D00D9077B /* el */,
			);
			name = Feed.strings;
			sourceTree = "<group>";
		};
/* End PBXVariantGroup section */

/* Begin XCBuildConfiguration section */
		E0CC31592756A9AA00CC3E0C /* Debug */ = {
			isa = XCBuildConfiguration;
			buildSettings = {
				ALWAYS_SEARCH_USER_PATHS = NO;
				CLANG_ANALYZER_LOCALIZABILITY_NONLOCALIZED = YES;
				CLANG_ANALYZER_NONNULL = YES;
				CLANG_ANALYZER_NUMBER_OBJECT_CONVERSION = YES_AGGRESSIVE;
				CLANG_CXX_LANGUAGE_STANDARD = "gnu++17";
				CLANG_CXX_LIBRARY = "libc++";
				CLANG_ENABLE_MODULES = YES;
				CLANG_ENABLE_OBJC_ARC = YES;
				CLANG_ENABLE_OBJC_WEAK = YES;
				CLANG_WARN_BLOCK_CAPTURE_AUTORELEASING = YES;
				CLANG_WARN_BOOL_CONVERSION = YES;
				CLANG_WARN_COMMA = YES;
				CLANG_WARN_CONSTANT_CONVERSION = YES;
				CLANG_WARN_DEPRECATED_OBJC_IMPLEMENTATIONS = YES;
				CLANG_WARN_DIRECT_OBJC_ISA_USAGE = YES_ERROR;
				CLANG_WARN_DOCUMENTATION_COMMENTS = YES;
				CLANG_WARN_EMPTY_BODY = YES;
				CLANG_WARN_ENUM_CONVERSION = YES;
				CLANG_WARN_INFINITE_RECURSION = YES;
				CLANG_WARN_INT_CONVERSION = YES;
				CLANG_WARN_NON_LITERAL_NULL_CONVERSION = YES;
				CLANG_WARN_OBJC_IMPLICIT_RETAIN_SELF = YES;
				CLANG_WARN_OBJC_LITERAL_CONVERSION = YES;
				CLANG_WARN_OBJC_ROOT_CLASS = YES_ERROR;
				CLANG_WARN_QUOTED_INCLUDE_IN_FRAMEWORK_HEADER = YES;
				CLANG_WARN_RANGE_LOOP_ANALYSIS = YES;
				CLANG_WARN_STRICT_PROTOTYPES = YES;
				CLANG_WARN_SUSPICIOUS_MOVE = YES;
				CLANG_WARN_UNGUARDED_AVAILABILITY = YES_AGGRESSIVE;
				CLANG_WARN_UNREACHABLE_CODE = YES;
				CLANG_WARN__DUPLICATE_METHOD_MATCH = YES;
				COPY_PHASE_STRIP = NO;
				DEBUG_INFORMATION_FORMAT = dwarf;
				ENABLE_STRICT_OBJC_MSGSEND = YES;
				ENABLE_TESTABILITY = YES;
				GCC_C_LANGUAGE_STANDARD = gnu11;
				GCC_DYNAMIC_NO_PIC = NO;
				GCC_NO_COMMON_BLOCKS = YES;
				GCC_OPTIMIZATION_LEVEL = 0;
				GCC_PREPROCESSOR_DEFINITIONS = (
					"DEBUG=1",
					"$(inherited)",
				);
				GCC_WARN_64_TO_32_BIT_CONVERSION = YES;
				GCC_WARN_ABOUT_RETURN_TYPE = YES_ERROR;
				GCC_WARN_UNDECLARED_SELECTOR = YES;
				GCC_WARN_UNINITIALIZED_AUTOS = YES_AGGRESSIVE;
				GCC_WARN_UNUSED_FUNCTION = YES;
				GCC_WARN_UNUSED_VARIABLE = YES;
				MACOSX_DEPLOYMENT_TARGET = 11.5;
				MTL_ENABLE_DEBUG_INFO = INCLUDE_SOURCE;
				MTL_FAST_MATH = YES;
				ONLY_ACTIVE_ARCH = YES;
				SDKROOT = macosx;
				SWIFT_ACTIVE_COMPILATION_CONDITIONS = DEBUG;
				SWIFT_OPTIMIZATION_LEVEL = "-Onone";
			};
			name = Debug;
		};
		E0CC315A2756A9AA00CC3E0C /* Release */ = {
			isa = XCBuildConfiguration;
			buildSettings = {
				ALWAYS_SEARCH_USER_PATHS = NO;
				CLANG_ANALYZER_LOCALIZABILITY_NONLOCALIZED = YES;
				CLANG_ANALYZER_NONNULL = YES;
				CLANG_ANALYZER_NUMBER_OBJECT_CONVERSION = YES_AGGRESSIVE;
				CLANG_CXX_LANGUAGE_STANDARD = "gnu++17";
				CLANG_CXX_LIBRARY = "libc++";
				CLANG_ENABLE_MODULES = YES;
				CLANG_ENABLE_OBJC_ARC = YES;
				CLANG_ENABLE_OBJC_WEAK = YES;
				CLANG_WARN_BLOCK_CAPTURE_AUTORELEASING = YES;
				CLANG_WARN_BOOL_CONVERSION = YES;
				CLANG_WARN_COMMA = YES;
				CLANG_WARN_CONSTANT_CONVERSION = YES;
				CLANG_WARN_DEPRECATED_OBJC_IMPLEMENTATIONS = YES;
				CLANG_WARN_DIRECT_OBJC_ISA_USAGE = YES_ERROR;
				CLANG_WARN_DOCUMENTATION_COMMENTS = YES;
				CLANG_WARN_EMPTY_BODY = YES;
				CLANG_WARN_ENUM_CONVERSION = YES;
				CLANG_WARN_INFINITE_RECURSION = YES;
				CLANG_WARN_INT_CONVERSION = YES;
				CLANG_WARN_NON_LITERAL_NULL_CONVERSION = YES;
				CLANG_WARN_OBJC_IMPLICIT_RETAIN_SELF = YES;
				CLANG_WARN_OBJC_LITERAL_CONVERSION = YES;
				CLANG_WARN_OBJC_ROOT_CLASS = YES_ERROR;
				CLANG_WARN_QUOTED_INCLUDE_IN_FRAMEWORK_HEADER = YES;
				CLANG_WARN_RANGE_LOOP_ANALYSIS = YES;
				CLANG_WARN_STRICT_PROTOTYPES = YES;
				CLANG_WARN_SUSPICIOUS_MOVE = YES;
				CLANG_WARN_UNGUARDED_AVAILABILITY = YES_AGGRESSIVE;
				CLANG_WARN_UNREACHABLE_CODE = YES;
				CLANG_WARN__DUPLICATE_METHOD_MATCH = YES;
				COPY_PHASE_STRIP = NO;
				DEBUG_INFORMATION_FORMAT = "dwarf-with-dsym";
				ENABLE_NS_ASSERTIONS = NO;
				ENABLE_STRICT_OBJC_MSGSEND = YES;
				GCC_C_LANGUAGE_STANDARD = gnu11;
				GCC_NO_COMMON_BLOCKS = YES;
				GCC_WARN_64_TO_32_BIT_CONVERSION = YES;
				GCC_WARN_ABOUT_RETURN_TYPE = YES_ERROR;
				GCC_WARN_UNDECLARED_SELECTOR = YES;
				GCC_WARN_UNINITIALIZED_AUTOS = YES_AGGRESSIVE;
				GCC_WARN_UNUSED_FUNCTION = YES;
				GCC_WARN_UNUSED_VARIABLE = YES;
				MACOSX_DEPLOYMENT_TARGET = 11.5;
				MTL_ENABLE_DEBUG_INFO = NO;
				MTL_FAST_MATH = YES;
				SDKROOT = macosx;
				SWIFT_COMPILATION_MODE = wholemodule;
				SWIFT_OPTIMIZATION_LEVEL = "-O";
			};
			name = Release;
		};
		E0D0AFF127F1775A004CAEDE /* Debug */ = {
			isa = XCBuildConfiguration;
			buildSettings = {
				CODE_SIGN_STYLE = Automatic;
				CURRENT_PROJECT_VERSION = 1;
				DEVELOPMENT_TEAM = 6D7X34XDMX;
				GENERATE_INFOPLIST_FILE = YES;
				MACOSX_DEPLOYMENT_TARGET = 11.5;
				MARKETING_VERSION = 1.0;
				PRODUCT_BUNDLE_IDENTIFIER = com.viral7chauhan.EssentialFeedAPIEndToEndTests;
				PRODUCT_NAME = "$(TARGET_NAME)";
				SUPPORTED_PLATFORMS = "macosx iphonesimulator iphoneos";
				SWIFT_EMIT_LOC_STRINGS = NO;
				SWIFT_VERSION = 5.0;
			};
			name = Debug;
		};
		E0D0AFF227F1775A004CAEDE /* Release */ = {
			isa = XCBuildConfiguration;
			buildSettings = {
				CODE_SIGN_STYLE = Automatic;
				CURRENT_PROJECT_VERSION = 1;
				DEVELOPMENT_TEAM = 6D7X34XDMX;
				GENERATE_INFOPLIST_FILE = YES;
				MACOSX_DEPLOYMENT_TARGET = 11.5;
				MARKETING_VERSION = 1.0;
				PRODUCT_BUNDLE_IDENTIFIER = com.viral7chauhan.EssentialFeedAPIEndToEndTests;
				PRODUCT_NAME = "$(TARGET_NAME)";
				SUPPORTED_PLATFORMS = "macosx iphonesimulator iphoneos";
				SWIFT_EMIT_LOC_STRINGS = NO;
				SWIFT_VERSION = 5.0;
			};
			name = Release;
		};
		E0D0B00227F177E2004CAEDE /* Debug */ = {
			isa = XCBuildConfiguration;
			buildSettings = {
				CODE_SIGN_STYLE = Automatic;
				CURRENT_PROJECT_VERSION = 1;
				DEVELOPMENT_TEAM = 6D7X34XDMX;
				GENERATE_INFOPLIST_FILE = YES;
				MACOSX_DEPLOYMENT_TARGET = 11.5;
				MARKETING_VERSION = 1.0;
				PRODUCT_BUNDLE_IDENTIFIER = com.viral7chauhan.EssentialFeedCacheIntegrationTests;
				PRODUCT_NAME = "$(TARGET_NAME)";
				SUPPORTED_PLATFORMS = "macosx iphonesimulator iphoneos";
				SWIFT_EMIT_LOC_STRINGS = NO;
				SWIFT_VERSION = 5.0;
			};
			name = Debug;
		};
		E0D0B00327F177E2004CAEDE /* Release */ = {
			isa = XCBuildConfiguration;
			buildSettings = {
				CODE_SIGN_STYLE = Automatic;
				CURRENT_PROJECT_VERSION = 1;
				DEVELOPMENT_TEAM = 6D7X34XDMX;
				GENERATE_INFOPLIST_FILE = YES;
				MACOSX_DEPLOYMENT_TARGET = 11.5;
				MARKETING_VERSION = 1.0;
				PRODUCT_BUNDLE_IDENTIFIER = com.viral7chauhan.EssentialFeedCacheIntegrationTests;
				PRODUCT_NAME = "$(TARGET_NAME)";
				SUPPORTED_PLATFORMS = "macosx iphonesimulator iphoneos";
				SWIFT_EMIT_LOC_STRINGS = NO;
				SWIFT_VERSION = 5.0;
			};
			name = Release;
		};
		E0E689DD27EE3A5100A3B866 /* Debug */ = {
			isa = XCBuildConfiguration;
			buildSettings = {
				CLANG_ENABLE_MODULES = YES;
				CODE_SIGN_STYLE = Automatic;
				CURRENT_PROJECT_VERSION = 1;
				DEFINES_MODULE = YES;
				DEVELOPMENT_TEAM = 6D7X34XDMX;
				DYLIB_COMPATIBILITY_VERSION = 1;
				DYLIB_CURRENT_VERSION = 1;
				DYLIB_INSTALL_NAME_BASE = "@rpath";
				GENERATE_INFOPLIST_FILE = YES;
				INFOPLIST_KEY_NSHumanReadableCopyright = "";
				INSTALL_PATH = "$(LOCAL_LIBRARY_DIR)/Frameworks";
				IPHONEOS_DEPLOYMENT_TARGET = 15.5;
				LD_RUNPATH_SEARCH_PATHS = (
					"$(inherited)",
					"@executable_path/Frameworks",
					"@loader_path/Frameworks",
				);
				MARKETING_VERSION = 1.0;
				PRODUCT_BUNDLE_IDENTIFIER = com.viral7chauhan.EssentialFeediOS;
				PRODUCT_NAME = "$(TARGET_NAME:c99extidentifier)";
				SDKROOT = iphoneos;
				SKIP_INSTALL = YES;
				SWIFT_EMIT_LOC_STRINGS = YES;
				SWIFT_OPTIMIZATION_LEVEL = "-Onone";
				SWIFT_VERSION = 5.0;
				TARGETED_DEVICE_FAMILY = "1,2";
				VERSIONING_SYSTEM = "apple-generic";
				VERSION_INFO_PREFIX = "";
			};
			name = Debug;
		};
		E0E689DE27EE3A5100A3B866 /* Release */ = {
			isa = XCBuildConfiguration;
			buildSettings = {
				CLANG_ENABLE_MODULES = YES;
				CODE_SIGN_STYLE = Automatic;
				CURRENT_PROJECT_VERSION = 1;
				DEFINES_MODULE = YES;
				DEVELOPMENT_TEAM = 6D7X34XDMX;
				DYLIB_COMPATIBILITY_VERSION = 1;
				DYLIB_CURRENT_VERSION = 1;
				DYLIB_INSTALL_NAME_BASE = "@rpath";
				GENERATE_INFOPLIST_FILE = YES;
				INFOPLIST_KEY_NSHumanReadableCopyright = "";
				INSTALL_PATH = "$(LOCAL_LIBRARY_DIR)/Frameworks";
				IPHONEOS_DEPLOYMENT_TARGET = 15.5;
				LD_RUNPATH_SEARCH_PATHS = (
					"$(inherited)",
					"@executable_path/Frameworks",
					"@loader_path/Frameworks",
				);
				MARKETING_VERSION = 1.0;
				PRODUCT_BUNDLE_IDENTIFIER = com.viral7chauhan.EssentialFeediOS;
				PRODUCT_NAME = "$(TARGET_NAME:c99extidentifier)";
				SDKROOT = iphoneos;
				SKIP_INSTALL = YES;
				SWIFT_EMIT_LOC_STRINGS = YES;
				SWIFT_VERSION = 5.0;
				TARGETED_DEVICE_FAMILY = "1,2";
				VALIDATE_PRODUCT = YES;
				VERSIONING_SYSTEM = "apple-generic";
				VERSION_INFO_PREFIX = "";
			};
			name = Release;
		};
		E0E689E027EE3A5100A3B866 /* Debug */ = {
			isa = XCBuildConfiguration;
			buildSettings = {
				ALWAYS_EMBED_SWIFT_STANDARD_LIBRARIES = YES;
				CODE_SIGN_STYLE = Automatic;
				CURRENT_PROJECT_VERSION = 1;
				DEVELOPMENT_TEAM = 6D7X34XDMX;
				GENERATE_INFOPLIST_FILE = YES;
				IPHONEOS_DEPLOYMENT_TARGET = 15.5;
				MARKETING_VERSION = 1.0;
				PRODUCT_BUNDLE_IDENTIFIER = com.viral7chauhan.EssentialFeediOSTests;
				PRODUCT_NAME = "$(TARGET_NAME)";
				SDKROOT = iphoneos;
				SWIFT_EMIT_LOC_STRINGS = NO;
				SWIFT_VERSION = 5.0;
				TARGETED_DEVICE_FAMILY = "1,2";
			};
			name = Debug;
		};
		E0E689E127EE3A5100A3B866 /* Release */ = {
			isa = XCBuildConfiguration;
			buildSettings = {
				ALWAYS_EMBED_SWIFT_STANDARD_LIBRARIES = YES;
				CODE_SIGN_STYLE = Automatic;
				CURRENT_PROJECT_VERSION = 1;
				DEVELOPMENT_TEAM = 6D7X34XDMX;
				GENERATE_INFOPLIST_FILE = YES;
				IPHONEOS_DEPLOYMENT_TARGET = 15.5;
				MARKETING_VERSION = 1.0;
				PRODUCT_BUNDLE_IDENTIFIER = com.viral7chauhan.EssentialFeediOSTests;
				PRODUCT_NAME = "$(TARGET_NAME)";
				SDKROOT = iphoneos;
				SWIFT_EMIT_LOC_STRINGS = NO;
				SWIFT_VERSION = 5.0;
				TARGETED_DEVICE_FAMILY = "1,2";
				VALIDATE_PRODUCT = YES;
			};
			name = Release;
		};
		E0F95A6127E8F3DB000A2C16 /* Debug */ = {
			isa = XCBuildConfiguration;
			buildSettings = {
				CODE_SIGN_STYLE = Automatic;
				COMBINE_HIDPI_IMAGES = YES;
				CURRENT_PROJECT_VERSION = 1;
				DEFINES_MODULE = YES;
				DEVELOPMENT_TEAM = 6D7X34XDMX;
				DYLIB_COMPATIBILITY_VERSION = 1;
				DYLIB_CURRENT_VERSION = 1;
				DYLIB_INSTALL_NAME_BASE = "@rpath";
				GENERATE_INFOPLIST_FILE = YES;
				INFOPLIST_KEY_NSHumanReadableCopyright = "";
				INSTALL_PATH = "$(LOCAL_LIBRARY_DIR)/Frameworks";
				LD_RUNPATH_SEARCH_PATHS = (
					"$(inherited)",
					"@executable_path/../Frameworks",
					"@loader_path/Frameworks",
				);
				MACOSX_DEPLOYMENT_TARGET = 11.5;
				MARKETING_VERSION = 1.0;
				PRODUCT_BUNDLE_IDENTIFIER = com.viral7chauhan.EssentialFeedMacFramework;
				PRODUCT_NAME = "$(TARGET_NAME:c99extidentifier)";
				SKIP_INSTALL = YES;
				SUPPORTED_PLATFORMS = "macosx iphonesimulator iphoneos";
				SWIFT_EMIT_LOC_STRINGS = YES;
				SWIFT_VERSION = 5.0;
				VERSIONING_SYSTEM = "apple-generic";
				VERSION_INFO_PREFIX = "";
			};
			name = Debug;
		};
		E0F95A6227E8F3DB000A2C16 /* Release */ = {
			isa = XCBuildConfiguration;
			buildSettings = {
				CODE_SIGN_STYLE = Automatic;
				COMBINE_HIDPI_IMAGES = YES;
				CURRENT_PROJECT_VERSION = 1;
				DEFINES_MODULE = YES;
				DEVELOPMENT_TEAM = 6D7X34XDMX;
				DYLIB_COMPATIBILITY_VERSION = 1;
				DYLIB_CURRENT_VERSION = 1;
				DYLIB_INSTALL_NAME_BASE = "@rpath";
				GENERATE_INFOPLIST_FILE = YES;
				INFOPLIST_KEY_NSHumanReadableCopyright = "";
				INSTALL_PATH = "$(LOCAL_LIBRARY_DIR)/Frameworks";
				LD_RUNPATH_SEARCH_PATHS = (
					"$(inherited)",
					"@executable_path/../Frameworks",
					"@loader_path/Frameworks",
				);
				MACOSX_DEPLOYMENT_TARGET = 11.5;
				MARKETING_VERSION = 1.0;
				PRODUCT_BUNDLE_IDENTIFIER = com.viral7chauhan.EssentialFeedMacFramework;
				PRODUCT_NAME = "$(TARGET_NAME:c99extidentifier)";
				SKIP_INSTALL = YES;
				SUPPORTED_PLATFORMS = "macosx iphonesimulator iphoneos";
				SWIFT_EMIT_LOC_STRINGS = YES;
				SWIFT_VERSION = 5.0;
				VERSIONING_SYSTEM = "apple-generic";
				VERSION_INFO_PREFIX = "";
			};
			name = Release;
		};
		E0F95A6327E8F3DB000A2C16 /* Debug */ = {
			isa = XCBuildConfiguration;
			buildSettings = {
				ALWAYS_EMBED_SWIFT_STANDARD_LIBRARIES = YES;
				CODE_SIGN_STYLE = Automatic;
				CURRENT_PROJECT_VERSION = 1;
				DEVELOPMENT_TEAM = 6D7X34XDMX;
				GENERATE_INFOPLIST_FILE = YES;
				MACOSX_DEPLOYMENT_TARGET = 11.5;
				MARKETING_VERSION = 1.0;
				PRODUCT_BUNDLE_IDENTIFIER = com.viral7chauhan.EssentialFeedMacFrameworkTests;
				PRODUCT_NAME = "$(TARGET_NAME)";
				SUPPORTED_PLATFORMS = "macosx iphonesimulator iphoneos";
				SWIFT_EMIT_LOC_STRINGS = NO;
				SWIFT_VERSION = 5.0;
			};
			name = Debug;
		};
		E0F95A6427E8F3DB000A2C16 /* Release */ = {
			isa = XCBuildConfiguration;
			buildSettings = {
				ALWAYS_EMBED_SWIFT_STANDARD_LIBRARIES = YES;
				CODE_SIGN_STYLE = Automatic;
				CURRENT_PROJECT_VERSION = 1;
				DEVELOPMENT_TEAM = 6D7X34XDMX;
				GENERATE_INFOPLIST_FILE = YES;
				MACOSX_DEPLOYMENT_TARGET = 11.5;
				MARKETING_VERSION = 1.0;
				PRODUCT_BUNDLE_IDENTIFIER = com.viral7chauhan.EssentialFeedMacFrameworkTests;
				PRODUCT_NAME = "$(TARGET_NAME)";
				SUPPORTED_PLATFORMS = "macosx iphonesimulator iphoneos";
				SWIFT_EMIT_LOC_STRINGS = NO;
				SWIFT_VERSION = 5.0;
			};
			name = Release;
		};
/* End XCBuildConfiguration section */

/* Begin XCConfigurationList section */
		E0CC31472756A9A900CC3E0C /* Build configuration list for PBXProject "EssentialFeed" */ = {
			isa = XCConfigurationList;
			buildConfigurations = (
				E0CC31592756A9AA00CC3E0C /* Debug */,
				E0CC315A2756A9AA00CC3E0C /* Release */,
			);
			defaultConfigurationIsVisible = 0;
			defaultConfigurationName = Release;
		};
		E0D0AFF027F1775A004CAEDE /* Build configuration list for PBXNativeTarget "EssentialFeedAPIEndToEndTests" */ = {
			isa = XCConfigurationList;
			buildConfigurations = (
				E0D0AFF127F1775A004CAEDE /* Debug */,
				E0D0AFF227F1775A004CAEDE /* Release */,
			);
			defaultConfigurationIsVisible = 0;
			defaultConfigurationName = Release;
		};
		E0D0B00127F177E2004CAEDE /* Build configuration list for PBXNativeTarget "EssentialFeedCacheIntegrationTests" */ = {
			isa = XCConfigurationList;
			buildConfigurations = (
				E0D0B00227F177E2004CAEDE /* Debug */,
				E0D0B00327F177E2004CAEDE /* Release */,
			);
			defaultConfigurationIsVisible = 0;
			defaultConfigurationName = Release;
		};
		E0E689DC27EE3A5100A3B866 /* Build configuration list for PBXNativeTarget "EssentialFeediOS" */ = {
			isa = XCConfigurationList;
			buildConfigurations = (
				E0E689DD27EE3A5100A3B866 /* Debug */,
				E0E689DE27EE3A5100A3B866 /* Release */,
			);
			defaultConfigurationIsVisible = 0;
			defaultConfigurationName = Release;
		};
		E0E689DF27EE3A5100A3B866 /* Build configuration list for PBXNativeTarget "EssentialFeediOSTests" */ = {
			isa = XCConfigurationList;
			buildConfigurations = (
				E0E689E027EE3A5100A3B866 /* Debug */,
				E0E689E127EE3A5100A3B866 /* Release */,
			);
			defaultConfigurationIsVisible = 0;
			defaultConfigurationName = Release;
		};
		E0F95A6527E8F3DB000A2C16 /* Build configuration list for PBXNativeTarget "EssentialFeed" */ = {
			isa = XCConfigurationList;
			buildConfigurations = (
				E0F95A6127E8F3DB000A2C16 /* Debug */,
				E0F95A6227E8F3DB000A2C16 /* Release */,
			);
			defaultConfigurationIsVisible = 0;
			defaultConfigurationName = Release;
		};
		E0F95A6627E8F3DB000A2C16 /* Build configuration list for PBXNativeTarget "EssentialFeedTests" */ = {
			isa = XCConfigurationList;
			buildConfigurations = (
				E0F95A6327E8F3DB000A2C16 /* Debug */,
				E0F95A6427E8F3DB000A2C16 /* Release */,
			);
			defaultConfigurationIsVisible = 0;
			defaultConfigurationName = Release;
		};
/* End XCConfigurationList section */

/* Begin XCVersionGroup section */
		E0A7031D27A95AB90012237F /* FeedStore.xcdatamodeld */ = {
			isa = XCVersionGroup;
			children = (
				E0A7031E27A95AB90012237F /* FeedStore.xcdatamodel */,
			);
			currentVersion = E0A7031E27A95AB90012237F /* FeedStore.xcdatamodel */;
			path = FeedStore.xcdatamodeld;
			sourceTree = "<group>";
			versionGroupType = wrapper.xcdatamodel;
		};
/* End XCVersionGroup section */
	};
	rootObject = E0CC31442756A9A900CC3E0C /* Project object */;
}
